
Microsoft Visual Studio Solution File, Format Version 12.00
# Visual Studio Version 17
VisualStudioVersion = 17.8.34316.72
MinimumVisualStudioVersion = 10.0.40219.1
Project("{9A19103F-16F7-4668-BE54-9A1E7A4F7556}") = "DesafioFundamentos", "DesafioFundamentos.csproj", "{FA5F6E3A-3732-4040-BE07-9CB46833089B}"
EndProject
Global
	GlobalSection(SolutionConfigurationPlatforms) = preSolution
		Debug|Any CPU = Debug|Any CPU
		Release|Any CPU = Release|Any CPU
	EndGlobalSection
	GlobalSection(ProjectConfigurationPlatforms) = postSolution
		{FA5F6E3A-3732-4040-BE07-9CB46833089B}.Debug|Any CPU.ActiveCfg = Debug|Any CPU
		{FA5F6E3A-3732-4040-BE07-9CB46833089B}.Debug|Any CPU.Build.0 = Debug|Any CPU
		{FA5F6E3A-3732-4040-BE07-9CB46833089B}.Release|Any CPU.ActiveCfg = Release|Any CPU
		{FA5F6E3A-3732-4040-BE07-9CB46833089B}.Release|Any CPU.Build.0 = Release|Any CPU
	EndGlobalSection
	GlobalSection(SolutionProperties) = preSolution
		HideSolutionNode = FALSE
	EndGlobalSection
	GlobalSection(ExtensibilityGlobals) = postSolution
		SolutionGuid = {38432776-F93B-46E6-8180-3470D4F028DC}
	EndGlobalSection
EndGlobal
